<?xml version="1.0" encoding="utf-8"?>
<Project ToolsVersion="4.0" xmlns="http://schemas.microsoft.com/developer/msbuild/2003">
  <ItemGroup>
    <Filter Include="Source Files">
      <UniqueIdentifier>{4FC737F1-C7A5-4376-A066-2A32D752A2FF}</UniqueIdentifier>
      <Extensions>cpp;c;cc;cxx;def;odl;idl;hpj;bat;asm;asmx</Extensions>
    </Filter>
    <Filter Include="Header Files">
      <UniqueIdentifier>{93995380-89BD-4b04-88EB-625FBE52EBFB}</UniqueIdentifier>
      <Extensions>h;hh;hpp;hxx;hm;inl;inc;ipp;xsd</Extensions>
    </Filter>
    <Filter Include="Resource Files">
      <UniqueIdentifier>{67DA6AB6-F800-4c08-8B7A-83BB121AAD01}</UniqueIdentifier>
      <Extensions>rc;ico;cur;bmp;dlg;rc2;rct;bin;rgs;gif;jpg;jpeg;jpe;resx;tiff;tif;png;wav;mfcribbon-ms</Extensions>
    </Filter>
  </ItemGroup>
  <ItemGroup>
    <None Include="packages.config" />
  </ItemGroup>
  <ItemGroup>
    <ClInclude Include="ObjModelLoader.h">
      <Filter>Header Files</Filter>
    </ClInclude>
    <ClInclude Include="Main.h">
      <Filter>Header Files</Filter>
    </ClInclude>
    <ClInclude Include="Game.h">
      <Filter>Header Files</Filter>
    </ClInclude>
    <ClInclude Include="DirectX.h">
      <Filter>Header Files</Filter>
    </ClInclude>
    <ClInclude Include="World.h">
      <Filter>Header Files</Filter>
    </ClInclude>
    <ClInclude Include="Model.h">
      <Filter>Header Files</Filter>
    </ClInclude>
    <ClInclude Include="Entity.h">
      <Filter>Header Files</Filter>
    </ClInclude>
    <ClInclude Include="MathHelper.h">
      <Filter>Header Files</Filter>
    </ClInclude>
    <ClInclude Include="Camera.h">
      <Filter>Header Files</Filter>
    </ClInclude>
    <ClInclude Include="vendor\imgui\imconfig.h">
      <Filter>Header Files</Filter>
    </ClInclude>
    <ClInclude Include="vendor\imgui\imgui.h">
      <Filter>Header Files</Filter>
    </ClInclude>
    <ClInclude Include="vendor\imgui\imgui_impl_dx11.h">
      <Filter>Header Files</Filter>
    </ClInclude>
    <ClInclude Include="vendor\imgui\imgui_impl_win32.h">
      <Filter>Header Files</Filter>
    </ClInclude>
    <ClInclude Include="vendor\imgui\imgui_internal.h">
      <Filter>Header Files</Filter>
    </ClInclude>
    <ClInclude Include="vendor\imgui\imstb_rectpack.h">
      <Filter>Header Files</Filter>
    </ClInclude>
    <ClInclude Include="vendor\imgui\imstb_textedit.h">
      <Filter>Header Files</Filter>
    </ClInclude>
    <ClInclude Include="vendor\imgui\imstb_truetype.h">
      <Filter>Header Files</Filter>
    </ClInclude>
    <ClInclude Include="GUI\Items\Attribute.h">
      <Filter>Header Files</Filter>
    </ClInclude>
    <ClInclude Include="GUI\Items\Events.h">
      <Filter>Header Files</Filter>
    </ClInclude>
    <ClInclude Include="GUI\Items\Items.h">
      <Filter>Header Files</Filter>
    </ClInclude>
    <ClInclude Include="GUI\Items\IWidget.h">
      <Filter>Header Files</Filter>
    </ClInclude>
    <ClInclude Include="GUI\Items\IWindow.h">
      <Filter>Header Files</Filter>
    </ClInclude>
    <ClInclude Include="GUI\Items\StyleThemes.h">
      <Filter>Header Files</Filter>
    </ClInclude>
    <ClInclude Include="GUI\imgui_include.h">
      <Filter>Header Files</Filter>
    </ClInclude>
    <ClInclude Include="Utility\Config.h">
      <Filter>Header Files</Filter>
    </ClInclude>
    <ClInclude Include="Utility\FileWrapper.h">
      <Filter>Header Files</Filter>
    </ClInclude>
    <ClInclude Include="Utility\Generic.h">
      <Filter>Header Files</Filter>
    </ClInclude>
    <ClInclude Include="Utility\IDynStructure.h">
      <Filter>Header Files</Filter>
    </ClInclude>
    <ClInclude Include="Utility\IException.h">
      <Filter>Header Files</Filter>
    </ClInclude>
    <ClInclude Include="Utility\ISingleton.h">
      <Filter>Header Files</Filter>
    </ClInclude>
    <ClInclude Include="Utility\IStack.h">
      <Filter>Header Files</Filter>
    </ClInclude>
    <ClInclude Include="Utility\MemoryHandle.h">
      <Filter>Header Files</Filter>
    </ClInclude>
    <ClInclude Include="Utility\Pattern.h">
      <Filter>Header Files</Filter>
    </ClInclude>
    <ClInclude Include="Utility\Resource.h">
      <Filter>Header Files</Filter>
    </ClInclude>
    <ClInclude Include="Utility\Stat.h">
      <Filter>Header Files</Filter>
    </ClInclude>
    <ClInclude Include="Utility\VirtualKeyCodes.h">
      <Filter>Header Files</Filter>
    </ClInclude>
    <ClInclude Include="UI.h">
      <Filter>Header Files</Filter>
    </ClInclude>
    <ClInclude Include="GUI\Window\MainControl.h">
      <Filter>Header Files</Filter>
    </ClInclude>
    <ClInclude Include="Server\NetGame.h">
      <Filter>Header Files</Filter>
    </ClInclude>
    <ClInclude Include="MessageIdentifiers.h">
      <Filter>Header Files</Filter>
    </ClInclude>
    <ClInclude Include="Server\RPCs.h">
      <Filter>Header Files</Filter>
    </ClInclude>
    <ClInclude Include="shared\SlikeNet.h">
      <Filter>Header Files</Filter>
    </ClInclude>
    <ClInclude Include="shared\Timeline.h">
      <Filter>Header Files</Filter>
    </ClInclude>
    <ClInclude Include="Server\RemotePool.h">
      <Filter>Header Files</Filter>
    </ClInclude>
  </ItemGroup>
  <ItemGroup>
    <ClCompile Include="Main.cpp">
      <Filter>Source Files</Filter>
    </ClCompile>
    <ClCompile Include="Game.cpp">
      <Filter>Source Files</Filter>
    </ClCompile>
    <ClCompile Include="DirectX.cpp">
      <Filter>Source Files</Filter>
    </ClCompile>
    <ClCompile Include="vendor\imgui\imgui.cpp">
      <Filter>Source Files</Filter>
    </ClCompile>
    <ClCompile Include="vendor\imgui\imgui_demo.cpp">
      <Filter>Source Files</Filter>
    </ClCompile>
    <ClCompile Include="vendor\imgui\imgui_draw.cpp">
      <Filter>Source Files</Filter>
    </ClCompile>
    <ClCompile Include="vendor\imgui\imgui_impl_dx11.cpp">
      <Filter>Source Files</Filter>
    </ClCompile>
    <ClCompile Include="vendor\imgui\imgui_impl_win32.cpp">
      <Filter>Source Files</Filter>
    </ClCompile>
    <ClCompile Include="vendor\imgui\imgui_widgets.cpp">
      <Filter>Source Files</Filter>
    </ClCompile>
    <ClCompile Include="GUI\Items\Items.cpp">
      <Filter>Source Files</Filter>
    </ClCompile>
    <ClCompile Include="Utility\FileWrapper.cpp">
      <Filter>Source Files</Filter>
    </ClCompile>
    <ClCompile Include="Utility\Generic.cpp">
      <Filter>Source Files</Filter>
    </ClCompile>
    <ClCompile Include="Entity.cpp">
      <Filter>Source Files</Filter>
    </ClCompile>
    <ClCompile Include="Server\NetGame.cpp">
      <Filter>Source Files</Filter>
    </ClCompile>
    <ClCompile Include="Server\RPCs.cpp">
      <Filter>Source Files</Filter>
    </ClCompile>
    <ClCompile Include="..\shared\Timeline.cpp">
      <Filter>Source Files</Filter>
    </ClCompile>
    <ClCompile Include="..\shared\TDs.cpp">
      <Filter>Source Files</Filter>
    </ClCompile>
    <ClCompile Include="Server\RemotePool.cpp">
      <Filter>Source Files</Filter>
    </ClCompile>
  </ItemGroup>
</Project>